
Microsoft Visual Studio Solution File, Format Version 12.00
# Visual Studio Version 17
VisualStudioVersion = 17.10.34804.81
MinimumVisualStudioVersion = 10.0.40219.1
Project("{FAE04EC0-301F-11D3-BF4B-00C04F79EFBC}") = "CodeCraftUX", "CodeCraftUX\CodeCraftUX.csproj", "{DCC90CD5-FE64-4633-A37B-AF2DBE0E1BFB}"
EndProject
Global
	GlobalSection(SolutionConfigurationPlatforms) = preSolution
		Debug|Any CPU = Debug|Any CPU
		Release|Any CPU = Release|Any CPU
	EndGlobalSection
	GlobalSection(ProjectConfigurationPlatforms) = postSolution
		{DCC90CD5-FE64-4633-A37B-AF2DBE0E1BFB}.Debug|Any CPU.ActiveCfg = Debug|Any CPU
		{DCC90CD5-FE64-4633-A37B-AF2DBE0E1BFB}.Debug|Any CPU.Build.0 = Debug|Any CPU
		{DCC90CD5-FE64-4633-A37B-AF2DBE0E1BFB}.Debug|Any CPU.Deploy.0 = Debug|Any CPU
		{DCC90CD5-FE64-4633-A37B-AF2DBE0E1BFB}.Release|Any CPU.ActiveCfg = Release|Any CPU
		{DCC90CD5-FE64-4633-A37B-AF2DBE0E1BFB}.Release|Any CPU.Build.0 = Release|Any CPU
		{DCC90CD5-FE64-4633-A37B-AF2DBE0E1BFB}.Release|Any CPU.Deploy.0 = Release|Any CPU
	EndGlobalSection
	GlobalSection(SolutionProperties) = preSolution
		HideSolutionNode = FALSE
	EndGlobalSection
	GlobalSection(ExtensibilityGlobals) = postSolution
		SolutionGuid = {850ACC52-0C65-4C19-B147-5EFDCCD1A767}
	EndGlobalSection
EndGlobal
